
Microsoft Visual Studio Solution File, Format Version 12.00
# Visual Studio Version 17
VisualStudioVersion = 17.14.36518.9 d17.14
MinimumVisualStudioVersion = 10.0.40219.1
Project("{FAE04EC0-301F-11D3-BF4B-00C04F79EFBC}") = "StudentInformation", "StudentInformation\StudentInformation.csproj", "{CC8DC16C-1345-40B2-99CE-5D35FF1223B5}"
EndProject
Global
	GlobalSection(SolutionConfigurationPlatforms) = preSolution
		Debug|Any CPU = Debug|Any CPU
		Release|Any CPU = Release|Any CPU
	EndGlobalSection
	GlobalSection(ProjectConfigurationPlatforms) = postSolution
		{CC8DC16C-1345-40B2-99CE-5D35FF1223B5}.Debug|Any CPU.ActiveCfg = Debug|Any CPU
		{CC8DC16C-1345-40B2-99CE-5D35FF1223B5}.Debug|Any CPU.Build.0 = Debug|Any CPU
		{CC8DC16C-1345-40B2-99CE-5D35FF1223B5}.Release|Any CPU.ActiveCfg = Release|Any CPU
		{CC8DC16C-1345-40B2-99CE-5D35FF1223B5}.Release|Any CPU.Build.0 = Release|Any CPU
	EndGlobalSection
	GlobalSection(SolutionProperties) = preSolution
		HideSolutionNode = FALSE
	EndGlobalSection
	GlobalSection(ExtensibilityGlobals) = postSolution
		SolutionGuid = {37A5E999-EFE2-4B64-9FA9-8DF82A2E835C}
	EndGlobalSection
EndGlobal
